{
  "version": 4,
  "terraform_version": "1.5.1",
  "serial": 4,
  "lineage": "371eeb8b-94e3-9944-9d23-e4b9ccb41c9b",
  "outputs": {
    "registry_usage": {
      "value": {
        "name": {
          "kitty-org": {
            "endpoint": "registry.digitalocean.com/kitty-org",
            "id": "kitty-org",
            "name": "kitty-org",
            "server_url": "registry.digitalocean.com",
            "subscription_tier_slug": "basic"
          }
        }
      },
      "type": [
        "object",
        {
          "name": [
            "object",
            {
              "kitty-org": [
                "object",
                {
                  "endpoint": "string",
                  "id": "string",
                  "name": "string",
                  "server_url": "string",
                  "subscription_tier_slug": "string"
                }
              ]
            }
          ]
        }
      ],
      "sensitive": true
    }
  },
  "resources": [
    {
      "mode": "managed",
      "type": "digitalocean_project",
      "name": "project",
      "provider": "provider[\"registry.terraform.io/digitalocean/digitalocean\"]",
      "instances": []
    },
    {
      "module": "module.do_registry",
      "mode": "managed",
      "type": "digitalocean_container_registry",
      "name": "basic_registry",
      "provider": "provider[\"registry.terraform.io/digitalocean/digitalocean\"]",
      "instances": [
        {
          "index_key": "kitty-org",
          "schema_version": 0,
          "attributes": {
            "endpoint": "registry.digitalocean.com/kitty-org",
            "id": "kitty-org",
            "name": "kitty-org",
            "server_url": "registry.digitalocean.com",
            "subscription_tier_slug": "basic"
          },
          "sensitive_attributes": [],
          "private": "bnVsbA=="
        }
      ]
    },
    {
      "module": "module.do_registry",
      "mode": "managed",
      "type": "digitalocean_container_registry_docker_credentials",
      "name": "basic_registry_k8s_credentials",
      "provider": "provider[\"registry.terraform.io/digitalocean/digitalocean\"]",
      "instances": [
        {
          "index_key": "kitty-org",
          "schema_version": 0,
          "attributes": {
            "credential_expiration_time": "2073-10-29T09:27:33Z",
            "docker_credentials": "{\"auths\":{\"registry.digitalocean.com\":{\"auth\":\"ZG9wX3YxXzRhNDA0NGY1NGJlMzc5ODYzNTk4YzA2M2RkMjlhMmE2MTc4YzBjMGUwZDg3NzhkYjM3YzYyNzdhZWM0MDQwYzM6ZG9wX3YxXzRhNDA0NGY1NGJlMzc5ODYzNTk4YzA2M2RkMjlhMmE2MTc4YzBjMGUwZDg3NzhkYjM3YzYyNzdhZWM0MDQwYzM=\"}}}",
            "expiry_seconds": 1576800000,
            "id": "kitty-org",
            "registry_name": "kitty-org",
            "write": false
          },
          "sensitive_attributes": [],
          "private": "bnVsbA==",
          "dependencies": [
            "module.do_registry.digitalocean_container_registry.basic_registry"
          ]
        }
      ]
    }
  ],
  "check_results": null
}
